<?xml version="1.0" encoding="utf-8"?>
<Project ToolsVersion="4.0" xmlns="http://schemas.microsoft.com/developer/msbuild/2003">
  <ItemGroup>
    <Filter Include="Header Files">
      <UniqueIdentifier>{93995380-89BD-4b04-88EB-625FBE52EBFB}</UniqueIdentifier>
      <Extensions>h;hh;hpp;hxx;hm;inl;inc;xsd</Extensions>
    </Filter>
    <Filter Include="tests">
      <UniqueIdentifier>{09e1eb74-9f62-4c0a-9e13-dd07dd3a4c52}</UniqueIdentifier>
    </Filter>
    <Filter Include="src">
      <UniqueIdentifier>{9b9d27b6-5d71-4c8b-8aca-7f3c701867a2}</UniqueIdentifier>
    </Filter>
    <Filter Include="src\deps">
      <UniqueIdentifier>{22f3c445-c327-4950-a5c4-927fa8c3522a}</UniqueIdentifier>
    </Filter>
    <Filter Include="src\deps\steql">
      <UniqueIdentifier>{338f3871-5394-477c-95a3-2088bf300d21}</UniqueIdentifier>
    </Filter>
  </ItemGroup>
  <ItemGroup>
    <None Include="tests\makefile">
      <Filter>tests</Filter>
    </None>
    <None Include="tests\basic.html">
      <Filter>tests</Filter>
    </None>
    <None Include="tests\basic_parsed.html">
      <Filter>tests</Filter>
    </None>
    <None Include="tests\conditionals.html">
      <Filter>tests</Filter>
    </None>
    <None Include="tests\conditionals_parsed.html">
      <Filter>tests</Filter>
    </None>
    <None Include="tests\escape_html.html">
      <Filter>tests</Filter>
    </None>
    <None Include="tests\test.json">
      <Filter>tests</Filter>
    </None>
  </ItemGroup>
  <ItemGroup>
    <ClCompile Include="tests\base_test.c">
      <Filter>tests</Filter>
    </ClCompile>
    <ClCompile Include="tests\condtionals_test.c">
      <Filter>tests</Filter>
    </ClCompile>
    <ClCompile Include="tests\JSON_parser_test.c">
      <Filter>tests</Filter>
    </ClCompile>
    <ClCompile Include="tests\allocation_test.c">
      <Filter>tests</Filter>
    </ClCompile>
    <ClCompile Include="src\not_mustache.c">
      <Filter>src</Filter>
    </ClCompile>
  </ItemGroup>
  <ItemGroup>
    <Text Include="tests\example.txt">
      <Filter>tests</Filter>
    </Text>
  </ItemGroup>
  <ItemGroup>
    <ClInclude Include="src\deps\streql\streqlasm.h">
      <Filter>src\deps\steql</Filter>
    </ClInclude>
    <ClInclude Include="src\not_mustache.h">
      <Filter>src</Filter>
    </ClInclude>
  </ItemGroup>
</Project>